
Microsoft Visual Studio Solution File, Format Version 12.00
# Visual Studio Version 17
VisualStudioVersion = 17.7.34221.43
MinimumVisualStudioVersion = 10.0.40219.1
Project("{FAE04EC0-301F-11D3-BF4B-00C04F79EFBC}") = "webAPI", "webAPI\webAPI.csproj", "{2D643308-7EE5-46E2-9688-1FFE4B39180A}"
EndProject
Project("{FAE04EC0-301F-11D3-BF4B-00C04F79EFBC}") = "WindowsFormsApp1", "WindowsFormsApp1\WindowsFormsApp1.csproj", "{C797D484-9502-4F36-92D9-F2F2A5D6E3D0}"
EndProject
Global
	GlobalSection(SolutionConfigurationPlatforms) = preSolution
		Debug|Any CPU = Debug|Any CPU
		Release|Any CPU = Release|Any CPU
	EndGlobalSection
	GlobalSection(ProjectConfigurationPlatforms) = postSolution
		{2D643308-7EE5-46E2-9688-1FFE4B39180A}.Debug|Any CPU.ActiveCfg = Debug|Any CPU
		{2D643308-7EE5-46E2-9688-1FFE4B39180A}.Debug|Any CPU.Build.0 = Debug|Any CPU
		{2D643308-7EE5-46E2-9688-1FFE4B39180A}.Release|Any CPU.ActiveCfg = Release|Any CPU
		{2D643308-7EE5-46E2-9688-1FFE4B39180A}.Release|Any CPU.Build.0 = Release|Any CPU
		{C797D484-9502-4F36-92D9-F2F2A5D6E3D0}.Debug|Any CPU.ActiveCfg = Debug|Any CPU
		{C797D484-9502-4F36-92D9-F2F2A5D6E3D0}.Debug|Any CPU.Build.0 = Debug|Any CPU
		{C797D484-9502-4F36-92D9-F2F2A5D6E3D0}.Release|Any CPU.ActiveCfg = Release|Any CPU
		{C797D484-9502-4F36-92D9-F2F2A5D6E3D0}.Release|Any CPU.Build.0 = Release|Any CPU
	EndGlobalSection
	GlobalSection(SolutionProperties) = preSolution
		HideSolutionNode = FALSE
	EndGlobalSection
	GlobalSection(ExtensibilityGlobals) = postSolution
		SolutionGuid = {550BB112-5760-4A37-A280-185E490E3DFF}
	EndGlobalSection
EndGlobal
